
Microsoft Visual Studio Solution File, Format Version 12.00
# Visual Studio Version 17
VisualStudioVersion = 17.9.34723.18
MinimumVisualStudioVersion = 10.0.40219.1
Project("{FAE04EC0-301F-11D3-BF4B-00C04F79EFBC}") = "winformCalculator.Core", "winformCalculator.Core\winformCalculator.Core.csproj", "{3E8299D1-1211-47C2-AD4A-40A5791E5506}"
EndProject
Project("{FAE04EC0-301F-11D3-BF4B-00C04F79EFBC}") = "winformCalculator.GUI", "winformCalculator.GUI\winformCalculator.GUI.csproj", "{A600659C-46B6-4F31-B681-530F482BC15D}"
EndProject
Global
	GlobalSection(SolutionConfigurationPlatforms) = preSolution
		Debug|Any CPU = Debug|Any CPU
		Release|Any CPU = Release|Any CPU
	EndGlobalSection
	GlobalSection(ProjectConfigurationPlatforms) = postSolution
		{3E8299D1-1211-47C2-AD4A-40A5791E5506}.Debug|Any CPU.ActiveCfg = Debug|Any CPU
		{3E8299D1-1211-47C2-AD4A-40A5791E5506}.Debug|Any CPU.Build.0 = Debug|Any CPU
		{3E8299D1-1211-47C2-AD4A-40A5791E5506}.Release|Any CPU.ActiveCfg = Release|Any CPU
		{3E8299D1-1211-47C2-AD4A-40A5791E5506}.Release|Any CPU.Build.0 = Release|Any CPU
		{A600659C-46B6-4F31-B681-530F482BC15D}.Debug|Any CPU.ActiveCfg = Debug|Any CPU
		{A600659C-46B6-4F31-B681-530F482BC15D}.Debug|Any CPU.Build.0 = Debug|Any CPU
		{A600659C-46B6-4F31-B681-530F482BC15D}.Release|Any CPU.ActiveCfg = Release|Any CPU
		{A600659C-46B6-4F31-B681-530F482BC15D}.Release|Any CPU.Build.0 = Release|Any CPU
	EndGlobalSection
	GlobalSection(SolutionProperties) = preSolution
		HideSolutionNode = FALSE
	EndGlobalSection
	GlobalSection(ExtensibilityGlobals) = postSolution
		SolutionGuid = {580328D5-7864-4C03-82C7-B8CA2AA80D13}
	EndGlobalSection
EndGlobal
